
Microsoft Visual Studio Solution File, Format Version 12.00
# Visual Studio Version 17
VisualStudioVersion = 17.3.32804.467
MinimumVisualStudioVersion = 10.0.40219.1
Project("{8BC9CEB8-8B4A-11D0-8D11-00A0C91BC942}") = "MaxHeap", "MaxHeap.vcxproj", "{3DE43725-8521-4B76-9C74-E732EFA76002}"
EndProject
Global
	GlobalSection(SolutionConfigurationPlatforms) = preSolution
		Debug|x64 = Debug|x64
		Debug|x86 = Debug|x86
		Release|x64 = Release|x64
		Release|x86 = Release|x86
	EndGlobalSection
	GlobalSection(ProjectConfigurationPlatforms) = postSolution
		{3DE43725-8521-4B76-9C74-E732EFA76002}.Debug|x64.ActiveCfg = Debug|x64
		{3DE43725-8521-4B76-9C74-E732EFA76002}.Debug|x64.Build.0 = Debug|x64
		{3DE43725-8521-4B76-9C74-E732EFA76002}.Debug|x86.ActiveCfg = Debug|Win32
		{3DE43725-8521-4B76-9C74-E732EFA76002}.Debug|x86.Build.0 = Debug|Win32
		{3DE43725-8521-4B76-9C74-E732EFA76002}.Release|x64.ActiveCfg = Release|x64
		{3DE43725-8521-4B76-9C74-E732EFA76002}.Release|x64.Build.0 = Release|x64
		{3DE43725-8521-4B76-9C74-E732EFA76002}.Release|x86.ActiveCfg = Release|Win32
		{3DE43725-8521-4B76-9C74-E732EFA76002}.Release|x86.Build.0 = Release|Win32
	EndGlobalSection
	GlobalSection(SolutionProperties) = preSolution
		HideSolutionNode = FALSE
	EndGlobalSection
	GlobalSection(ExtensibilityGlobals) = postSolution
		SolutionGuid = {2A23C896-7F93-4468-8715-EC792B605C14}
	EndGlobalSection
EndGlobal
